// !$*UTF8*$!
{
	archiveVersion = 1;
	classes = {
	};
	objectVersion = 55;
	objects = {

/* Begin PBXBuildFile section */
		48FA471C28ECB65600BD762C /* AppDelegate.swift in Sources */ = {isa = PBXBuildFile; fileRef = 48FA471B28ECB65600BD762C /* AppDelegate.swift */; };
		48FA471E28ECB65600BD762C /* SceneDelegate.swift in Sources */ = {isa = PBXBuildFile; fileRef = 48FA471D28ECB65600BD762C /* SceneDelegate.swift */; };
		48FA472328ECB65600BD762C /* Main.storyboard in Resources */ = {isa = PBXBuildFile; fileRef = 48FA472128ECB65600BD762C /* Main.storyboard */; };
		48FA472528ECB65700BD762C /* Assets.xcassets in Resources */ = {isa = PBXBuildFile; fileRef = 48FA472428ECB65700BD762C /* Assets.xcassets */; };
		48FA472828ECB65700BD762C /* LaunchScreen.storyboard in Resources */ = {isa = PBXBuildFile; fileRef = 48FA472628ECB65700BD762C /* LaunchScreen.storyboard */; };
		48FA473328ECB65800BD762C /* YummieTests.swift in Sources */ = {isa = PBXBuildFile; fileRef = 48FA473228ECB65800BD762C /* YummieTests.swift */; };
		48FA473D28ECB65800BD762C /* YummieUITests.swift in Sources */ = {isa = PBXBuildFile; fileRef = 48FA473C28ECB65800BD762C /* YummieUITests.swift */; };
		48FA473F28ECB65800BD762C /* YummieUITestsLaunchTests.swift in Sources */ = {isa = PBXBuildFile; fileRef = 48FA473E28ECB65800BD762C /* YummieUITestsLaunchTests.swift */; };
		48FA475028ECBEBF00BD762C /* OnboardingViewController.swift in Sources */ = {isa = PBXBuildFile; fileRef = 48FA474F28ECBEBF00BD762C /* OnboardingViewController.swift */; };
		48FA475328ECC6A900BD762C /* UIView+Extension.swift in Sources */ = {isa = PBXBuildFile; fileRef = 48FA475228ECC6A900BD762C /* UIView+Extension.swift */; };
		48FA475528ECCA7200BD762C /* OnboardingSlide.swift in Sources */ = {isa = PBXBuildFile; fileRef = 48FA475428ECCA7200BD762C /* OnboardingSlide.swift */; };
		48FA475728ECCEB700BD762C /* SlideCollectionViewCell.swift in Sources */ = {isa = PBXBuildFile; fileRef = 48FA475628ECCEB700BD762C /* SlideCollectionViewCell.swift */; };
/* End PBXBuildFile section */

/* Begin PBXContainerItemProxy section */
		48FA472F28ECB65800BD762C /* PBXContainerItemProxy */ = {
			isa = PBXContainerItemProxy;
			containerPortal = 48FA471028ECB65600BD762C /* Project object */;
			proxyType = 1;
			remoteGlobalIDString = 48FA471728ECB65600BD762C;
			remoteInfo = Yummie;
		};
		48FA473928ECB65800BD762C /* PBXContainerItemProxy */ = {
			isa = PBXContainerItemProxy;
			containerPortal = 48FA471028ECB65600BD762C /* Project object */;
			proxyType = 1;
			remoteGlobalIDString = 48FA471728ECB65600BD762C;
			remoteInfo = Yummie;
		};
/* End PBXContainerItemProxy section */

/* Begin PBXFileReference section */
		48FA471828ECB65600BD762C /* Yummie.app */ = {isa = PBXFileReference; explicitFileType = wrapper.application; includeInIndex = 0; path = Yummie.app; sourceTree = BUILT_PRODUCTS_DIR; };
		48FA471B28ECB65600BD762C /* AppDelegate.swift */ = {isa = PBXFileReference; lastKnownFileType = sourcecode.swift; path = AppDelegate.swift; sourceTree = "<group>"; };
		48FA471D28ECB65600BD762C /* SceneDelegate.swift */ = {isa = PBXFileReference; lastKnownFileType = sourcecode.swift; path = SceneDelegate.swift; sourceTree = "<group>"; };
		48FA472228ECB65600BD762C /* Base */ = {isa = PBXFileReference; lastKnownFileType = file.storyboard; name = Base; path = Base.lproj/Main.storyboard; sourceTree = "<group>"; };
		48FA472428ECB65700BD762C /* Assets.xcassets */ = {isa = PBXFileReference; lastKnownFileType = folder.assetcatalog; path = Assets.xcassets; sourceTree = "<group>"; };
		48FA472728ECB65700BD762C /* Base */ = {isa = PBXFileReference; lastKnownFileType = file.storyboard; name = Base; path = Base.lproj/LaunchScreen.storyboard; sourceTree = "<group>"; };
		48FA472928ECB65700BD762C /* Info.plist */ = {isa = PBXFileReference; lastKnownFileType = text.plist.xml; path = Info.plist; sourceTree = "<group>"; };
		48FA472E28ECB65800BD762C /* YummieTests.xctest */ = {isa = PBXFileReference; explicitFileType = wrapper.cfbundle; includeInIndex = 0; path = YummieTests.xctest; sourceTree = BUILT_PRODUCTS_DIR; };
		48FA473228ECB65800BD762C /* YummieTests.swift */ = {isa = PBXFileReference; lastKnownFileType = sourcecode.swift; path = YummieTests.swift; sourceTree = "<group>"; };
		48FA473828ECB65800BD762C /* YummieUITests.xctest */ = {isa = PBXFileReference; explicitFileType = wrapper.cfbundle; includeInIndex = 0; path = YummieUITests.xctest; sourceTree = BUILT_PRODUCTS_DIR; };
		48FA473C28ECB65800BD762C /* YummieUITests.swift */ = {isa = PBXFileReference; lastKnownFileType = sourcecode.swift; path = YummieUITests.swift; sourceTree = "<group>"; };
		48FA473E28ECB65800BD762C /* YummieUITestsLaunchTests.swift */ = {isa = PBXFileReference; lastKnownFileType = sourcecode.swift; path = YummieUITestsLaunchTests.swift; sourceTree = "<group>"; };
		48FA474F28ECBEBF00BD762C /* OnboardingViewController.swift */ = {isa = PBXFileReference; lastKnownFileType = sourcecode.swift; path = OnboardingViewController.swift; sourceTree = "<group>"; };
		48FA475228ECC6A900BD762C /* UIView+Extension.swift */ = {isa = PBXFileReference; lastKnownFileType = sourcecode.swift; path = "UIView+Extension.swift"; sourceTree = "<group>"; };
		48FA475428ECCA7200BD762C /* OnboardingSlide.swift */ = {isa = PBXFileReference; lastKnownFileType = sourcecode.swift; path = OnboardingSlide.swift; sourceTree = "<group>"; };
		48FA475628ECCEB700BD762C /* SlideCollectionViewCell.swift */ = {isa = PBXFileReference; lastKnownFileType = sourcecode.swift; path = SlideCollectionViewCell.swift; sourceTree = "<group>"; };
/* End PBXFileReference section */

/* Begin PBXFrameworksBuildPhase section */
		48FA471528ECB65600BD762C /* Frameworks */ = {
			isa = PBXFrameworksBuildPhase;
			buildActionMask = 2147483647;
			files = (
			);
			runOnlyForDeploymentPostprocessing = 0;
		};
		48FA472B28ECB65800BD762C /* Frameworks */ = {
			isa = PBXFrameworksBuildPhase;
			buildActionMask = 2147483647;
			files = (
			);
			runOnlyForDeploymentPostprocessing = 0;
		};
		48FA473528ECB65800BD762C /* Frameworks */ = {
			isa = PBXFrameworksBuildPhase;
			buildActionMask = 2147483647;
			files = (
			);
			runOnlyForDeploymentPostprocessing = 0;
		};
/* End PBXFrameworksBuildPhase section */

/* Begin PBXGroup section */
		4853D54C28EDA4C8001AC8DD /* Views */ = {
			isa = PBXGroup;
			children = (
				48FA472128ECB65600BD762C /* Main.storyboard */,
				48FA472628ECB65700BD762C /* LaunchScreen.storyboard */,
			);
			path = Views;
			sourceTree = "<group>";
		};
		4853D54D28EDA4EE001AC8DD /* App Life Cycle */ = {
			isa = PBXGroup;
			children = (
				48FA471B28ECB65600BD762C /* AppDelegate.swift */,
				48FA471D28ECB65600BD762C /* SceneDelegate.swift */,
			);
			path = "App Life Cycle";
			sourceTree = "<group>";
		};
		48FA470F28ECB65600BD762C = {
			isa = PBXGroup;
			children = (
				48FA471A28ECB65600BD762C /* Yummie */,
				48FA473128ECB65800BD762C /* YummieTests */,
				48FA473B28ECB65800BD762C /* YummieUITests */,
				48FA471928ECB65600BD762C /* Products */,
			);
			sourceTree = "<group>";
		};
		48FA471928ECB65600BD762C /* Products */ = {
			isa = PBXGroup;
			children = (
				48FA471828ECB65600BD762C /* Yummie.app */,
				48FA472E28ECB65800BD762C /* YummieTests.xctest */,
				48FA473828ECB65800BD762C /* YummieUITests.xctest */,
			);
			name = Products;
			sourceTree = "<group>";
		};
		48FA471A28ECB65600BD762C /* Yummie */ = {
			isa = PBXGroup;
			children = (
				4853D54D28EDA4EE001AC8DD /* App Life Cycle */,
				48FA475128ECC64600BD762C /* Extensions */,
				48FA474D28ECBE8B00BD762C /* CustomViews */,
				48FA474C28ECBE5A00BD762C /* ViewModels */,
				48FA474B28ECBE5200BD762C /* Models */,
				4853D54C28EDA4C8001AC8DD /* Views */,
				48FA472428ECB65700BD762C /* Assets.xcassets */,
				48FA472928ECB65700BD762C /* Info.plist */,
			);
			path = Yummie;
			sourceTree = "<group>";
		};
		48FA473128ECB65800BD762C /* YummieTests */ = {
			isa = PBXGroup;
			children = (
				48FA473228ECB65800BD762C /* YummieTests.swift */,
			);
			path = YummieTests;
			sourceTree = "<group>";
		};
		48FA473B28ECB65800BD762C /* YummieUITests */ = {
			isa = PBXGroup;
			children = (
				48FA473C28ECB65800BD762C /* YummieUITests.swift */,
				48FA473E28ECB65800BD762C /* YummieUITestsLaunchTests.swift */,
			);
			path = YummieUITests;
			sourceTree = "<group>";
		};
		48FA474B28ECBE5200BD762C /* Models */ = {
			isa = PBXGroup;
			children = (
				48FA475428ECCA7200BD762C /* OnboardingSlide.swift */,
			);
			path = Models;
			sourceTree = "<group>";
		};
		48FA474C28ECBE5A00BD762C /* ViewModels */ = {
			isa = PBXGroup;
			children = (
				48FA474E28ECBE9B00BD762C /* Onboarding */,
			);
			path = ViewModels;
			sourceTree = "<group>";
		};
		48FA474D28ECBE8B00BD762C /* CustomViews */ = {
			isa = PBXGroup;
			children = (
			);
			path = CustomViews;
			sourceTree = "<group>";
		};
		48FA474E28ECBE9B00BD762C /* Onboarding */ = {
			isa = PBXGroup;
			children = (
				48FA474F28ECBEBF00BD762C /* OnboardingViewController.swift */,
				48FA475628ECCEB700BD762C /* SlideCollectionViewCell.swift */,
			);
			path = Onboarding;
			sourceTree = "<group>";
		};
		48FA475128ECC64600BD762C /* Extensions */ = {
			isa = PBXGroup;
			children = (
				48FA475228ECC6A900BD762C /* UIView+Extension.swift */,
			);
			path = Extensions;
			sourceTree = "<group>";
		};
/* End PBXGroup section */

/* Begin PBXNativeTarget section */
		48FA471728ECB65600BD762C /* Yummie */ = {
			isa = PBXNativeTarget;
			buildConfigurationList = 48FA474228ECB65800BD762C /* Build configuration list for PBXNativeTarget "Yummie" */;
			buildPhases = (
				48FA471428ECB65600BD762C /* Sources */,
				48FA471528ECB65600BD762C /* Frameworks */,
				48FA471628ECB65600BD762C /* Resources */,
			);
			buildRules = (
			);
			dependencies = (
			);
			name = Yummie;
			productName = Yummie;
			productReference = 48FA471828ECB65600BD762C /* Yummie.app */;
			productType = "com.apple.product-type.application";
		};
		48FA472D28ECB65800BD762C /* YummieTests */ = {
			isa = PBXNativeTarget;
			buildConfigurationList = 48FA474528ECB65800BD762C /* Build configuration list for PBXNativeTarget "YummieTests" */;
			buildPhases = (
				48FA472A28ECB65800BD762C /* Sources */,
				48FA472B28ECB65800BD762C /* Frameworks */,
				48FA472C28ECB65800BD762C /* Resources */,
			);
			buildRules = (
			);
			dependencies = (
				48FA473028ECB65800BD762C /* PBXTargetDependency */,
			);
			name = YummieTests;
			productName = YummieTests;
			productReference = 48FA472E28ECB65800BD762C /* YummieTests.xctest */;
			productType = "com.apple.product-type.bundle.unit-test";
		};
		48FA473728ECB65800BD762C /* YummieUITests */ = {
			isa = PBXNativeTarget;
			buildConfigurationList = 48FA474828ECB65800BD762C /* Build configuration list for PBXNativeTarget "YummieUITests" */;
			buildPhases = (
				48FA473428ECB65800BD762C /* Sources */,
				48FA473528ECB65800BD762C /* Frameworks */,
				48FA473628ECB65800BD762C /* Resources */,
			);
			buildRules = (
			);
			dependencies = (
				48FA473A28ECB65800BD762C /* PBXTargetDependency */,
			);
			name = YummieUITests;
			productName = YummieUITests;
			productReference = 48FA473828ECB65800BD762C /* YummieUITests.xctest */;
			productType = "com.apple.product-type.bundle.ui-testing";
		};
/* End PBXNativeTarget section */

/* Begin PBXProject section */
		48FA471028ECB65600BD762C /* Project object */ = {
			isa = PBXProject;
			attributes = {
				BuildIndependentTargetsInParallel = 1;
				LastSwiftUpdateCheck = 1340;
				LastUpgradeCheck = 1340;
				TargetAttributes = {
					48FA471728ECB65600BD762C = {
						CreatedOnToolsVersion = 13.4.1;
					};
					48FA472D28ECB65800BD762C = {
						CreatedOnToolsVersion = 13.4.1;
						TestTargetID = 48FA471728ECB65600BD762C;
					};
					48FA473728ECB65800BD762C = {
						CreatedOnToolsVersion = 13.4.1;
						TestTargetID = 48FA471728ECB65600BD762C;
					};
				};
			};
			buildConfigurationList = 48FA471328ECB65600BD762C /* Build configuration list for PBXProject "Yummie" */;
			compatibilityVersion = "Xcode 13.0";
			developmentRegion = en;
			hasScannedForEncodings = 0;
			knownRegions = (
				en,
				Base,
			);
			mainGroup = 48FA470F28ECB65600BD762C;
			productRefGroup = 48FA471928ECB65600BD762C /* Products */;
			projectDirPath = "";
			projectRoot = "";
			targets = (
				48FA471728ECB65600BD762C /* Yummie */,
				48FA472D28ECB65800BD762C /* YummieTests */,
				48FA473728ECB65800BD762C /* YummieUITests */,
			);
		};
/* End PBXProject section */

/* Begin PBXResourcesBuildPhase section */
		48FA471628ECB65600BD762C /* Resources */ = {
			isa = PBXResourcesBuildPhase;
			buildActionMask = 2147483647;
			files = (
				48FA472828ECB65700BD762C /* LaunchScreen.storyboard in Resources */,
				48FA472528ECB65700BD762C /* Assets.xcassets in Resources */,
				48FA472328ECB65600BD762C /* Main.storyboard in Resources */,
			);
			runOnlyForDeploymentPostprocessing = 0;
		};
		48FA472C28ECB65800BD762C /* Resources */ = {
			isa = PBXResourcesBuildPhase;
			buildActionMask = 2147483647;
			files = (
			);
			runOnlyForDeploymentPostprocessing = 0;
		};
		48FA473628ECB65800BD762C /* Resources */ = {
			isa = PBXResourcesBuildPhase;
			buildActionMask = 2147483647;
			files = (
			);
			runOnlyForDeploymentPostprocessing = 0;
		};
/* End PBXResourcesBuildPhase section */

/* Begin PBXSourcesBuildPhase section */
		48FA471428ECB65600BD762C /* Sources */ = {
			isa = PBXSourcesBuildPhase;
			buildActionMask = 2147483647;
			files = (
				48FA475528ECCA7200BD762C /* OnboardingSlide.swift in Sources */,
				48FA471C28ECB65600BD762C /* AppDelegate.swift in Sources */,
				48FA471E28ECB65600BD762C /* SceneDelegate.swift in Sources */,
				48FA475328ECC6A900BD762C /* UIView+Extension.swift in Sources */,
				48FA475728ECCEB700BD762C /* SlideCollectionViewCell.swift in Sources */,
				48FA475028ECBEBF00BD762C /* OnboardingViewController.swift in Sources */,
			);
			runOnlyForDeploymentPostprocessing = 0;
		};
		48FA472A28ECB65800BD762C /* Sources */ = {
			isa = PBXSourcesBuildPhase;
			buildActionMask = 2147483647;
			files = (
				48FA473328ECB65800BD762C /* YummieTests.swift in Sources */,
			);
			runOnlyForDeploymentPostprocessing = 0;
		};
		48FA473428ECB65800BD762C /* Sources */ = {
			isa = PBXSourcesBuildPhase;
			buildActionMask = 2147483647;
			files = (
				48FA473F28ECB65800BD762C /* YummieUITestsLaunchTests.swift in Sources */,
				48FA473D28ECB65800BD762C /* YummieUITests.swift in Sources */,
			);
			runOnlyForDeploymentPostprocessing = 0;
		};
/* End PBXSourcesBuildPhase section */

/* Begin PBXTargetDependency section */
		48FA473028ECB65800BD762C /* PBXTargetDependency */ = {
			isa = PBXTargetDependency;
			target = 48FA471728ECB65600BD762C /* Yummie */;
			targetProxy = 48FA472F28ECB65800BD762C /* PBXContainerItemProxy */;
		};
		48FA473A28ECB65800BD762C /* PBXTargetDependency */ = {
			isa = PBXTargetDependency;
			target = 48FA471728ECB65600BD762C /* Yummie */;
			targetProxy = 48FA473928ECB65800BD762C /* PBXContainerItemProxy */;
		};
/* End PBXTargetDependency section */

/* Begin PBXVariantGroup section */
		48FA472128ECB65600BD762C /* Main.storyboard */ = {
			isa = PBXVariantGroup;
			children = (
				48FA472228ECB65600BD762C /* Base */,
			);
			name = Main.storyboard;
			sourceTree = "<group>";
		};
		48FA472628ECB65700BD762C /* LaunchScreen.storyboard */ = {
			isa = PBXVariantGroup;
			children = (
				48FA472728ECB65700BD762C /* Base */,
			);
			name = LaunchScreen.storyboard;
			sourceTree = "<group>";
		};
/* End PBXVariantGroup section */

/* Begin XCBuildConfiguration section */
		48FA474028ECB65800BD762C /* Debug */ = {
			isa = XCBuildConfiguration;
			buildSettings = {
				ALWAYS_SEARCH_USER_PATHS = NO;
				CLANG_ANALYZER_NONNULL = YES;
				CLANG_ANALYZER_NUMBER_OBJECT_CONVERSION = YES_AGGRESSIVE;
				CLANG_CXX_LANGUAGE_STANDARD = "gnu++17";
				CLANG_ENABLE_MODULES = YES;
				CLANG_ENABLE_OBJC_ARC = YES;
				CLANG_ENABLE_OBJC_WEAK = YES;
				CLANG_WARN_BLOCK_CAPTURE_AUTORELEASING = YES;
				CLANG_WARN_BOOL_CONVERSION = YES;
				CLANG_WARN_COMMA = YES;
				CLANG_WARN_CONSTANT_CONVERSION = YES;
				CLANG_WARN_DEPRECATED_OBJC_IMPLEMENTATIONS = YES;
				CLANG_WARN_DIRECT_OBJC_ISA_USAGE = YES_ERROR;
				CLANG_WARN_DOCUMENTATION_COMMENTS = YES;
				CLANG_WARN_EMPTY_BODY = YES;
				CLANG_WARN_ENUM_CONVERSION = YES;
				CLANG_WARN_INFINITE_RECURSION = YES;
				CLANG_WARN_INT_CONVERSION = YES;
				CLANG_WARN_NON_LITERAL_NULL_CONVERSION = YES;
				CLANG_WARN_OBJC_IMPLICIT_RETAIN_SELF = YES;
				CLANG_WARN_OBJC_LITERAL_CONVERSION = YES;
				CLANG_WARN_OBJC_ROOT_CLASS = YES_ERROR;
				CLANG_WARN_QUOTED_INCLUDE_IN_FRAMEWORK_HEADER = YES;
				CLANG_WARN_RANGE_LOOP_ANALYSIS = YES;
				CLANG_WARN_STRICT_PROTOTYPES = YES;
				CLANG_WARN_SUSPICIOUS_MOVE = YES;
				CLANG_WARN_UNGUARDED_AVAILABILITY = YES_AGGRESSIVE;
				CLANG_WARN_UNREACHABLE_CODE = YES;
				CLANG_WARN__DUPLICATE_METHOD_MATCH = YES;
				COPY_PHASE_STRIP = NO;
				DEBUG_INFORMATION_FORMAT = dwarf;
				ENABLE_STRICT_OBJC_MSGSEND = YES;
				ENABLE_TESTABILITY = YES;
				GCC_C_LANGUAGE_STANDARD = gnu11;
				GCC_DYNAMIC_NO_PIC = NO;
				GCC_NO_COMMON_BLOCKS = YES;
				GCC_OPTIMIZATION_LEVEL = 0;
				GCC_PREPROCESSOR_DEFINITIONS = (
					"DEBUG=1",
					"$(inherited)",
				);
				GCC_WARN_64_TO_32_BIT_CONVERSION = YES;
				GCC_WARN_ABOUT_RETURN_TYPE = YES_ERROR;
				GCC_WARN_UNDECLARED_SELECTOR = YES;
				GCC_WARN_UNINITIALIZED_AUTOS = YES_AGGRESSIVE;
				GCC_WARN_UNUSED_FUNCTION = YES;
				GCC_WARN_UNUSED_VARIABLE = YES;
				IPHONEOS_DEPLOYMENT_TARGET = 15.5;
				MTL_ENABLE_DEBUG_INFO = INCLUDE_SOURCE;
				MTL_FAST_MATH = YES;
				ONLY_ACTIVE_ARCH = YES;
				SDKROOT = iphoneos;
				SWIFT_ACTIVE_COMPILATION_CONDITIONS = DEBUG;
				SWIFT_OPTIMIZATION_LEVEL = "-Onone";
			};
			name = Debug;
		};
		48FA474128ECB65800BD762C /* Release */ = {
			isa = XCBuildConfiguration;
			buildSettings = {
				ALWAYS_SEARCH_USER_PATHS = NO;
				CLANG_ANALYZER_NONNULL = YES;
				CLANG_ANALYZER_NUMBER_OBJECT_CONVERSION = YES_AGGRESSIVE;
				CLANG_CXX_LANGUAGE_STANDARD = "gnu++17";
				CLANG_ENABLE_MODULES = YES;
				CLANG_ENABLE_OBJC_ARC = YES;
				CLANG_ENABLE_OBJC_WEAK = YES;
				CLANG_WARN_BLOCK_CAPTURE_AUTORELEASING = YES;
				CLANG_WARN_BOOL_CONVERSION = YES;
				CLANG_WARN_COMMA = YES;
				CLANG_WARN_CONSTANT_CONVERSION = YES;
				CLANG_WARN_DEPRECATED_OBJC_IMPLEMENTATIONS = YES;
				CLANG_WARN_DIRECT_OBJC_ISA_USAGE = YES_ERROR;
				CLANG_WARN_DOCUMENTATION_COMMENTS = YES;
				CLANG_WARN_EMPTY_BODY = YES;
				CLANG_WARN_ENUM_CONVERSION = YES;
				CLANG_WARN_INFINITE_RECURSION = YES;
				CLANG_WARN_INT_CONVERSION = YES;
				CLANG_WARN_NON_LITERAL_NULL_CONVERSION = YES;
				CLANG_WARN_OBJC_IMPLICIT_RETAIN_SELF = YES;
				CLANG_WARN_OBJC_LITERAL_CONVERSION = YES;
				CLANG_WARN_OBJC_ROOT_CLASS = YES_ERROR;
				CLANG_WARN_QUOTED_INCLUDE_IN_FRAMEWORK_HEADER = YES;
				CLANG_WARN_RANGE_LOOP_ANALYSIS = YES;
				CLANG_WARN_STRICT_PROTOTYPES = YES;
				CLANG_WARN_SUSPICIOUS_MOVE = YES;
				CLANG_WARN_UNGUARDED_AVAILABILITY = YES_AGGRESSIVE;
				CLANG_WARN_UNREACHABLE_CODE = YES;
				CLANG_WARN__DUPLICATE_METHOD_MATCH = YES;
				COPY_PHASE_STRIP = NO;
				DEBUG_INFORMATION_FORMAT = "dwarf-with-dsym";
				ENABLE_NS_ASSERTIONS = NO;
				ENABLE_STRICT_OBJC_MSGSEND = YES;
				GCC_C_LANGUAGE_STANDARD = gnu11;
				GCC_NO_COMMON_BLOCKS = YES;
				GCC_WARN_64_TO_32_BIT_CONVERSION = YES;
				GCC_WARN_ABOUT_RETURN_TYPE = YES_ERROR;
				GCC_WARN_UNDECLARED_SELECTOR = YES;
				GCC_WARN_UNINITIALIZED_AUTOS = YES_AGGRESSIVE;
				GCC_WARN_UNUSED_FUNCTION = YES;
				GCC_WARN_UNUSED_VARIABLE = YES;
				IPHONEOS_DEPLOYMENT_TARGET = 15.5;
				MTL_ENABLE_DEBUG_INFO = NO;
				MTL_FAST_MATH = YES;
				SDKROOT = iphoneos;
				SWIFT_COMPILATION_MODE = wholemodule;
				SWIFT_OPTIMIZATION_LEVEL = "-O";
				VALIDATE_PRODUCT = YES;
			};
			name = Release;
		};
		48FA474328ECB65800BD762C /* Debug */ = {
			isa = XCBuildConfiguration;
			buildSettings = {
				ASSETCATALOG_COMPILER_APPICON_NAME = AppIcon;
				ASSETCATALOG_COMPILER_GLOBAL_ACCENT_COLOR_NAME = AccentColor;
				CODE_SIGN_STYLE = Automatic;
				CURRENT_PROJECT_VERSION = 1;
				GENERATE_INFOPLIST_FILE = YES;
				INFOPLIST_FILE = Yummie/Info.plist;
				INFOPLIST_KEY_UIApplicationSupportsIndirectInputEvents = YES;
				INFOPLIST_KEY_UILaunchStoryboardName = LaunchScreen;
				INFOPLIST_KEY_UIMainStoryboardFile = Main;
				INFOPLIST_KEY_UISupportedInterfaceOrientations = UIInterfaceOrientationPortrait;
				INFOPLIST_KEY_UISupportedInterfaceOrientations_iPad = "UIInterfaceOrientationPortrait UIInterfaceOrientationPortraitUpsideDown UIInterfaceOrientationLandscapeLeft UIInterfaceOrientationLandscapeRight";
				INFOPLIST_KEY_UISupportedInterfaceOrientations_iPhone = "UIInterfaceOrientationPortrait UIInterfaceOrientationLandscapeLeft UIInterfaceOrientationLandscapeRight";
				IPHONEOS_DEPLOYMENT_TARGET = 13.0;
				LD_RUNPATH_SEARCH_PATHS = (
					"$(inherited)",
					"@executable_path/Frameworks",
				);
				MARKETING_VERSION = 1.0;
				PRODUCT_BUNDLE_IDENTIFIER = com.Andrew.Yummie;
				PRODUCT_NAME = "$(TARGET_NAME)";
				SWIFT_EMIT_LOC_STRINGS = YES;
				SWIFT_VERSION = 5.0;
				TARGETED_DEVICE_FAMILY = "1,2";
			};
			name = Debug;
		};
		48FA474428ECB65800BD762C /* Release */ = {
			isa = XCBuildConfiguration;
			buildSettings = {
				ASSETCATALOG_COMPILER_APPICON_NAME = AppIcon;
				ASSETCATALOG_COMPILER_GLOBAL_ACCENT_COLOR_NAME = AccentColor;
				CODE_SIGN_STYLE = Automatic;
				CURRENT_PROJECT_VERSION = 1;
				GENERATE_INFOPLIST_FILE = YES;
				INFOPLIST_FILE = Yummie/Info.plist;
				INFOPLIST_KEY_UIApplicationSupportsIndirectInputEvents = YES;
				INFOPLIST_KEY_UILaunchStoryboardName = LaunchScreen;
				INFOPLIST_KEY_UIMainStoryboardFile = Main;
				INFOPLIST_KEY_UISupportedInterfaceOrientations = UIInterfaceOrientationPortrait;
				INFOPLIST_KEY_UISupportedInterfaceOrientations_iPad = "UIInterfaceOrientationPortrait UIInterfaceOrientationPortraitUpsideDown UIInterfaceOrientationLandscapeLeft UIInterfaceOrientationLandscapeRight";
				INFOPLIST_KEY_UISupportedInterfaceOrientations_iPhone = "UIInterfaceOrientationPortrait UIInterfaceOrientationLandscapeLeft UIInterfaceOrientationLandscapeRight";
				IPHONEOS_DEPLOYMENT_TARGET = 13.0;
				LD_RUNPATH_SEARCH_PATHS = (
					"$(inherited)",
					"@executable_path/Frameworks",
				);
				MARKETING_VERSION = 1.0;
				PRODUCT_BUNDLE_IDENTIFIER = com.Andrew.Yummie;
				PRODUCT_NAME = "$(TARGET_NAME)";
				SWIFT_EMIT_LOC_STRINGS = YES;
				SWIFT_VERSION = 5.0;
				TARGETED_DEVICE_FAMILY = "1,2";
			};
			name = Release;
		};
		48FA474628ECB65800BD762C /* Debug */ = {
			isa = XCBuildConfiguration;
			buildSettings = {
				ALWAYS_EMBED_SWIFT_STANDARD_LIBRARIES = YES;
				BUNDLE_LOADER = "$(TEST_HOST)";
				CODE_SIGN_STYLE = Automatic;
				CURRENT_PROJECT_VERSION = 1;
				GENERATE_INFOPLIST_FILE = YES;
				IPHONEOS_DEPLOYMENT_TARGET = 15.5;
				MARKETING_VERSION = 1.0;
				PRODUCT_BUNDLE_IDENTIFIER = com.Andrew.YummieTests;
				PRODUCT_NAME = "$(TARGET_NAME)";
				SWIFT_EMIT_LOC_STRINGS = NO;
				SWIFT_VERSION = 5.0;
				TARGETED_DEVICE_FAMILY = "1,2";
				TEST_HOST = "$(BUILT_PRODUCTS_DIR)/Yummie.app/Yummie";
			};
			name = Debug;
		};
		48FA474728ECB65800BD762C /* Release */ = {
			isa = XCBuildConfiguration;
			buildSettings = {
				ALWAYS_EMBED_SWIFT_STANDARD_LIBRARIES = YES;
				BUNDLE_LOADER = "$(TEST_HOST)";
				CODE_SIGN_STYLE = Automatic;
				CURRENT_PROJECT_VERSION = 1;
				GENERATE_INFOPLIST_FILE = YES;
				IPHONEOS_DEPLOYMENT_TARGET = 15.5;
				MARKETING_VERSION = 1.0;
				PRODUCT_BUNDLE_IDENTIFIER = com.Andrew.YummieTests;
				PRODUCT_NAME = "$(TARGET_NAME)";
				SWIFT_EMIT_LOC_STRINGS = NO;
				SWIFT_VERSION = 5.0;
				TARGETED_DEVICE_FAMILY = "1,2";
				TEST_HOST = "$(BUILT_PRODUCTS_DIR)/Yummie.app/Yummie";
			};
			name = Release;
		};
		48FA474928ECB65800BD762C /* Debug */ = {
			isa = XCBuildConfiguration;
			buildSettings = {
				ALWAYS_EMBED_SWIFT_STANDARD_LIBRARIES = YES;
				CODE_SIGN_STYLE = Automatic;
				CURRENT_PROJECT_VERSION = 1;
				GENERATE_INFOPLIST_FILE = YES;
				MARKETING_VERSION = 1.0;
				PRODUCT_BUNDLE_IDENTIFIER = com.Andrew.YummieUITests;
				PRODUCT_NAME = "$(TARGET_NAME)";
				SWIFT_EMIT_LOC_STRINGS = NO;
				SWIFT_VERSION = 5.0;
				TARGETED_DEVICE_FAMILY = "1,2";
				TEST_TARGET_NAME = Yummie;
			};
			name = Debug;
		};
		48FA474A28ECB65800BD762C /* Release */ = {
			isa = XCBuildConfiguration;
			buildSettings = {
				ALWAYS_EMBED_SWIFT_STANDARD_LIBRARIES = YES;
				CODE_SIGN_STYLE = Automatic;
				CURRENT_PROJECT_VERSION = 1;
				GENERATE_INFOPLIST_FILE = YES;
				MARKETING_VERSION = 1.0;
				PRODUCT_BUNDLE_IDENTIFIER = com.Andrew.YummieUITests;
				PRODUCT_NAME = "$(TARGET_NAME)";
				SWIFT_EMIT_LOC_STRINGS = NO;
				SWIFT_VERSION = 5.0;
				TARGETED_DEVICE_FAMILY = "1,2";
				TEST_TARGET_NAME = Yummie;
			};
			name = Release;
		};
/* End XCBuildConfiguration section */

/* Begin XCConfigurationList section */
		48FA471328ECB65600BD762C /* Build configuration list for PBXProject "Yummie" */ = {
			isa = XCConfigurationList;
			buildConfigurations = (
				48FA474028ECB65800BD762C /* Debug */,
				48FA474128ECB65800BD762C /* Release */,
			);
			defaultConfigurationIsVisible = 0;
			defaultConfigurationName = Release;
		};
		48FA474228ECB65800BD762C /* Build configuration list for PBXNativeTarget "Yummie" */ = {
			isa = XCConfigurationList;
			buildConfigurations = (
				48FA474328ECB65800BD762C /* Debug */,
				48FA474428ECB65800BD762C /* Release */,
			);
			defaultConfigurationIsVisible = 0;
			defaultConfigurationName = Release;
		};
		48FA474528ECB65800BD762C /* Build configuration list for PBXNativeTarget "YummieTests" */ = {
			isa = XCConfigurationList;
			buildConfigurations = (
				48FA474628ECB65800BD762C /* Debug */,
				48FA474728ECB65800BD762C /* Release */,
			);
			defaultConfigurationIsVisible = 0;
			defaultConfigurationName = Release;
		};
		48FA474828ECB65800BD762C /* Build configuration list for PBXNativeTarget "YummieUITests" */ = {
			isa = XCConfigurationList;
			buildConfigurations = (
				48FA474928ECB65800BD762C /* Debug */,
				48FA474A28ECB65800BD762C /* Release */,
			);
			defaultConfigurationIsVisible = 0;
			defaultConfigurationName = Release;
		};
/* End XCConfigurationList section */
	};
	rootObject = 48FA471028ECB65600BD762C /* Project object */;
}
